
Microsoft Visual Studio Solution File, Format Version 12.00
# Visual Studio Version 16
VisualStudioVersion = 16.0.28922.388
MinimumVisualStudioVersion = 10.0.40219.1
Project("{FAE04EC0-301F-11D3-BF4B-00C04F79EFBC}") = "CRM.UI", "CRM.UI\CRM.UI.csproj", "{53F8A3C3-E970-4EF5-9BCC-A539CA04CA85}"
EndProject
Project("{FAE04EC0-301F-11D3-BF4B-00C04F79EFBC}") = "CRM.Data", "CRM.Data\CRM.Data.csproj", "{0E0DC6DB-61C1-48B5-B5CF-CE922FC5FDC1}"
EndProject
Project("{FAE04EC0-301F-11D3-BF4B-00C04F79EFBC}") = "CRM.Models", "CRM.Models\CRM.Models.csproj", "{97BF8788-7CB9-4ECF-A23E-5692F0203175}"
EndProject
Project("{FAE04EC0-301F-11D3-BF4B-00C04F79EFBC}") = "CRM.API", "CRM.API\CRM.API.csproj", "{F8B84626-BCB8-4696-B675-0745A8562BD4}"
EndProject
Global
	GlobalSection(SolutionConfigurationPlatforms) = preSolution
		Debug|Any CPU = Debug|Any CPU
		Release|Any CPU = Release|Any CPU
	EndGlobalSection
	GlobalSection(ProjectConfigurationPlatforms) = postSolution
		{53F8A3C3-E970-4EF5-9BCC-A539CA04CA85}.Debug|Any CPU.ActiveCfg = Debug|Any CPU
		{53F8A3C3-E970-4EF5-9BCC-A539CA04CA85}.Debug|Any CPU.Build.0 = Debug|Any CPU
		{53F8A3C3-E970-4EF5-9BCC-A539CA04CA85}.Release|Any CPU.ActiveCfg = Release|Any CPU
		{53F8A3C3-E970-4EF5-9BCC-A539CA04CA85}.Release|Any CPU.Build.0 = Release|Any CPU
		{0E0DC6DB-61C1-48B5-B5CF-CE922FC5FDC1}.Debug|Any CPU.ActiveCfg = Debug|Any CPU
		{0E0DC6DB-61C1-48B5-B5CF-CE922FC5FDC1}.Debug|Any CPU.Build.0 = Debug|Any CPU
		{0E0DC6DB-61C1-48B5-B5CF-CE922FC5FDC1}.Release|Any CPU.ActiveCfg = Release|Any CPU
		{0E0DC6DB-61C1-48B5-B5CF-CE922FC5FDC1}.Release|Any CPU.Build.0 = Release|Any CPU
		{97BF8788-7CB9-4ECF-A23E-5692F0203175}.Debug|Any CPU.ActiveCfg = Debug|Any CPU
		{97BF8788-7CB9-4ECF-A23E-5692F0203175}.Debug|Any CPU.Build.0 = Debug|Any CPU
		{97BF8788-7CB9-4ECF-A23E-5692F0203175}.Release|Any CPU.ActiveCfg = Release|Any CPU
		{97BF8788-7CB9-4ECF-A23E-5692F0203175}.Release|Any CPU.Build.0 = Release|Any CPU
		{F8B84626-BCB8-4696-B675-0745A8562BD4}.Debug|Any CPU.ActiveCfg = Debug|Any CPU
		{F8B84626-BCB8-4696-B675-0745A8562BD4}.Debug|Any CPU.Build.0 = Debug|Any CPU
		{F8B84626-BCB8-4696-B675-0745A8562BD4}.Release|Any CPU.ActiveCfg = Release|Any CPU
		{F8B84626-BCB8-4696-B675-0745A8562BD4}.Release|Any CPU.Build.0 = Release|Any CPU
	EndGlobalSection
	GlobalSection(SolutionProperties) = preSolution
		HideSolutionNode = FALSE
	EndGlobalSection
	GlobalSection(ExtensibilityGlobals) = postSolution
		SolutionGuid = {983D6761-1BD0-4B58-9E68-06592310975C}
	EndGlobalSection
EndGlobal
